
Microsoft Visual Studio Solution File, Format Version 12.00
# Visual Studio 15
VisualStudioVersion = 15.0.27004.2002
MinimumVisualStudioVersion = 10.0.40219.1
Project("{FAE04EC0-301F-11D3-BF4B-00C04F79EFBC}") = "NewCSharp7", "CSharp7Features\NewCSharp7.csproj", "{CBF66701-D6B0-4A9F-91E6-3133121027B9}"
EndProject
Global
	GlobalSection(SolutionConfigurationPlatforms) = preSolution
		Debug|Any CPU = Debug|Any CPU
		Release|Any CPU = Release|Any CPU
	EndGlobalSection
	GlobalSection(ProjectConfigurationPlatforms) = postSolution
		{CBF66701-D6B0-4A9F-91E6-3133121027B9}.Debug|Any CPU.ActiveCfg = Debug|Any CPU
		{CBF66701-D6B0-4A9F-91E6-3133121027B9}.Debug|Any CPU.Build.0 = Debug|Any CPU
		{CBF66701-D6B0-4A9F-91E6-3133121027B9}.Release|Any CPU.ActiveCfg = Release|Any CPU
		{CBF66701-D6B0-4A9F-91E6-3133121027B9}.Release|Any CPU.Build.0 = Release|Any CPU
	EndGlobalSection
	GlobalSection(SolutionProperties) = preSolution
		HideSolutionNode = FALSE
	EndGlobalSection
	GlobalSection(ExtensibilityGlobals) = postSolution
		SolutionGuid = {5CECE7D5-50AE-45C1-B440-CC80A9705EBE}
	EndGlobalSection
EndGlobal
